
Microsoft Visual Studio Solution File, Format Version 12.00
# Visual Studio Version 16
VisualStudioVersion = 16.0.31205.134
MinimumVisualStudioVersion = 10.0.40219.1
Project("{2150E333-8FDC-42A3-9474-1A3956D46DE8}") = "Solution Items", "Solution Items", "{AF39EA57-C2BB-42BC-B271-CCE9586604D1}"
	ProjectSection(SolutionItems) = preProject
		bootstrap.html = bootstrap.html
	EndProjectSection
EndProject
Global
	GlobalSection(SolutionProperties) = preSolution
		HideSolutionNode = FALSE
	EndGlobalSection
	GlobalSection(ExtensibilityGlobals) = postSolution
		SolutionGuid = {D4EFCA11-7950-4405-A9E6-0D8874E4E4F5}
	EndGlobalSection
EndGlobal
